// !$*UTF8*$!
{
	archiveVersion = 1;
	classes = {
	};
	objectVersion = 50;
	objects = {

/* Begin PBXBuildFile section */
		3BA6F2C42747AF93003BFB8A /* AppDelegate.swift in Sources */ = {isa = PBXBuildFile; fileRef = 3BA6F2C32747AF93003BFB8A /* AppDelegate.swift */; };
		3BA6F2C62747AF93003BFB8A /* SceneDelegate.swift in Sources */ = {isa = PBXBuildFile; fileRef = 3BA6F2C52747AF93003BFB8A /* SceneDelegate.swift */; };
		3BA6F2C82747AF93003BFB8A /* ViewController.swift in Sources */ = {isa = PBXBuildFile; fileRef = 3BA6F2C72747AF93003BFB8A /* ViewController.swift */; };
		3BA6F2CB2747AF93003BFB8A /* Main.storyboard in Resources */ = {isa = PBXBuildFile; fileRef = 3BA6F2C92747AF93003BFB8A /* Main.storyboard */; };
		3BA6F2CD2747AF95003BFB8A /* Assets.xcassets in Resources */ = {isa = PBXBuildFile; fileRef = 3BA6F2CC2747AF95003BFB8A /* Assets.xcassets */; };
		3BA6F2D02747AF95003BFB8A /* LaunchScreen.storyboard in Resources */ = {isa = PBXBuildFile; fileRef = 3BA6F2CE2747AF95003BFB8A /* LaunchScreen.storyboard */; };
		3BA6F51C2747B16E003BFB8A /* effects in Resources */ = {isa = PBXBuildFile; fileRef = 3BA6F51B2747B16E003BFB8A /* effects */; };
/* End PBXBuildFile section */

/* Begin PBXCopyFilesBuildPhase section */
		3BA6F2DB2747AFE1003BFB8A /* Embed Frameworks */ = {
			isa = PBXCopyFilesBuildPhase;
			buildActionMask = 2147483647;
			dstPath = "";
			dstSubfolderSpec = 10;
			files = (
			);
			name = "Embed Frameworks";
			runOnlyForDeploymentPostprocessing = 0;
		};
/* End PBXCopyFilesBuildPhase section */

/* Begin PBXFileReference section */
		3BA6F2C02747AF93003BFB8A /* BanubaMemoryLeakProofProject.app */ = {isa = PBXFileReference; explicitFileType = wrapper.application; includeInIndex = 0; path = BanubaMemoryLeakProofProject.app; sourceTree = BUILT_PRODUCTS_DIR; };
		3BA6F2C32747AF93003BFB8A /* AppDelegate.swift */ = {isa = PBXFileReference; lastKnownFileType = sourcecode.swift; path = AppDelegate.swift; sourceTree = "<group>"; };
		3BA6F2C52747AF93003BFB8A /* SceneDelegate.swift */ = {isa = PBXFileReference; lastKnownFileType = sourcecode.swift; path = SceneDelegate.swift; sourceTree = "<group>"; };
		3BA6F2C72747AF93003BFB8A /* ViewController.swift */ = {isa = PBXFileReference; lastKnownFileType = sourcecode.swift; path = ViewController.swift; sourceTree = "<group>"; };
		3BA6F2CA2747AF93003BFB8A /* Base */ = {isa = PBXFileReference; lastKnownFileType = file.storyboard; name = Base; path = Base.lproj/Main.storyboard; sourceTree = "<group>"; };
		3BA6F2CC2747AF95003BFB8A /* Assets.xcassets */ = {isa = PBXFileReference; lastKnownFileType = folder.assetcatalog; path = Assets.xcassets; sourceTree = "<group>"; };
		3BA6F2CF2747AF95003BFB8A /* Base */ = {isa = PBXFileReference; lastKnownFileType = file.storyboard; name = Base; path = Base.lproj/LaunchScreen.storyboard; sourceTree = "<group>"; };
		3BA6F2D12747AF95003BFB8A /* Info.plist */ = {isa = PBXFileReference; lastKnownFileType = text.plist.xml; path = Info.plist; sourceTree = "<group>"; };
		3BA6F51B2747B16E003BFB8A /* effects */ = {isa = PBXFileReference; lastKnownFileType = folder; path = effects; sourceTree = "<group>"; };
/* End PBXFileReference section */

/* Begin PBXFrameworksBuildPhase section */
		3BA6F2BD2747AF93003BFB8A /* Frameworks */ = {
			isa = PBXFrameworksBuildPhase;
			buildActionMask = 2147483647;
			files = (
			);
			runOnlyForDeploymentPostprocessing = 0;
		};
/* End PBXFrameworksBuildPhase section */

/* Begin PBXGroup section */
		3BA6F2B72747AF93003BFB8A = {
			isa = PBXGroup;
			children = (
				3BA6F2C22747AF93003BFB8A /* BanubaMemoryLeakProofProject */,
				3BA6F2C12747AF93003BFB8A /* Products */,
			);
			sourceTree = "<group>";
		};
		3BA6F2C12747AF93003BFB8A /* Products */ = {
			isa = PBXGroup;
			children = (
				3BA6F2C02747AF93003BFB8A /* BanubaMemoryLeakProofProject.app */,
			);
			name = Products;
			sourceTree = "<group>";
		};
		3BA6F2C22747AF93003BFB8A /* BanubaMemoryLeakProofProject */ = {
			isa = PBXGroup;
			children = (
				3BA6F2E02747B13B003BFB8A /* Resources */,
				3BA6F2C32747AF93003BFB8A /* AppDelegate.swift */,
				3BA6F2C52747AF93003BFB8A /* SceneDelegate.swift */,
				3BA6F2C72747AF93003BFB8A /* ViewController.swift */,
				3BA6F2C92747AF93003BFB8A /* Main.storyboard */,
				3BA6F2CC2747AF95003BFB8A /* Assets.xcassets */,
				3BA6F2CE2747AF95003BFB8A /* LaunchScreen.storyboard */,
				3BA6F2D12747AF95003BFB8A /* Info.plist */,
			);
			path = BanubaMemoryLeakProofProject;
			sourceTree = "<group>";
		};
		3BA6F2E02747B13B003BFB8A /* Resources */ = {
			isa = PBXGroup;
			children = (
				3BA6F51B2747B16E003BFB8A /* effects */,
			);
			path = Resources;
			sourceTree = "<group>";
		};
/* End PBXGroup section */

/* Begin PBXNativeTarget section */
		3BA6F2BF2747AF93003BFB8A /* BanubaMemoryLeakProofProject */ = {
			isa = PBXNativeTarget;
			buildConfigurationList = 3BA6F2D42747AF95003BFB8A /* Build configuration list for PBXNativeTarget "BanubaMemoryLeakProofProject" */;
			buildPhases = (
				3BA6F2BC2747AF93003BFB8A /* Sources */,
				3BA6F2BD2747AF93003BFB8A /* Frameworks */,
				3BA6F2BE2747AF93003BFB8A /* Resources */,
				3BA6F2DB2747AFE1003BFB8A /* Embed Frameworks */,
			);
			buildRules = (
			);
			dependencies = (
			);
			name = BanubaMemoryLeakProofProject;
			productName = BanubaMemoryLeakProofProject;
			productReference = 3BA6F2C02747AF93003BFB8A /* BanubaMemoryLeakProofProject.app */;
			productType = "com.apple.product-type.application";
		};
/* End PBXNativeTarget section */

/* Begin PBXProject section */
		3BA6F2B82747AF93003BFB8A /* Project object */ = {
			isa = PBXProject;
			attributes = {
				LastSwiftUpdateCheck = 1250;
				LastUpgradeCheck = 1250;
				TargetAttributes = {
					3BA6F2BF2747AF93003BFB8A = {
						CreatedOnToolsVersion = 12.5;
					};
				};
			};
			buildConfigurationList = 3BA6F2BB2747AF93003BFB8A /* Build configuration list for PBXProject "BanubaMemoryLeakProofProject" */;
			compatibilityVersion = "Xcode 9.3";
			developmentRegion = en;
			hasScannedForEncodings = 0;
			knownRegions = (
				en,
				Base,
			);
			mainGroup = 3BA6F2B72747AF93003BFB8A;
			productRefGroup = 3BA6F2C12747AF93003BFB8A /* Products */;
			projectDirPath = "";
			projectRoot = "";
			targets = (
				3BA6F2BF2747AF93003BFB8A /* BanubaMemoryLeakProofProject */,
			);
		};
/* End PBXProject section */

/* Begin PBXResourcesBuildPhase section */
		3BA6F2BE2747AF93003BFB8A /* Resources */ = {
			isa = PBXResourcesBuildPhase;
			buildActionMask = 2147483647;
			files = (
				3BA6F2D02747AF95003BFB8A /* LaunchScreen.storyboard in Resources */,
				3BA6F2CD2747AF95003BFB8A /* Assets.xcassets in Resources */,
				3BA6F2CB2747AF93003BFB8A /* Main.storyboard in Resources */,
				3BA6F51C2747B16E003BFB8A /* effects in Resources */,
			);
			runOnlyForDeploymentPostprocessing = 0;
		};
/* End PBXResourcesBuildPhase section */

/* Begin PBXSourcesBuildPhase section */
		3BA6F2BC2747AF93003BFB8A /* Sources */ = {
			isa = PBXSourcesBuildPhase;
			buildActionMask = 2147483647;
			files = (
				3BA6F2C82747AF93003BFB8A /* ViewController.swift in Sources */,
				3BA6F2C42747AF93003BFB8A /* AppDelegate.swift in Sources */,
				3BA6F2C62747AF93003BFB8A /* SceneDelegate.swift in Sources */,
			);
			runOnlyForDeploymentPostprocessing = 0;
		};
/* End PBXSourcesBuildPhase section */

/* Begin PBXVariantGroup section */
		3BA6F2C92747AF93003BFB8A /* Main.storyboard */ = {
			isa = PBXVariantGroup;
			children = (
				3BA6F2CA2747AF93003BFB8A /* Base */,
			);
			name = Main.storyboard;
			sourceTree = "<group>";
		};
		3BA6F2CE2747AF95003BFB8A /* LaunchScreen.storyboard */ = {
			isa = PBXVariantGroup;
			children = (
				3BA6F2CF2747AF95003BFB8A /* Base */,
			);
			name = LaunchScreen.storyboard;
			sourceTree = "<group>";
		};
/* End PBXVariantGroup section */

/* Begin XCBuildConfiguration section */
		3BA6F2D22747AF95003BFB8A /* Debug */ = {
			isa = XCBuildConfiguration;
			buildSettings = {
				ALWAYS_SEARCH_USER_PATHS = NO;
				CLANG_ANALYZER_NONNULL = YES;
				CLANG_ANALYZER_NUMBER_OBJECT_CONVERSION = YES_AGGRESSIVE;
				CLANG_CXX_LANGUAGE_STANDARD = "gnu++14";
				CLANG_CXX_LIBRARY = "libc++";
				CLANG_ENABLE_MODULES = YES;
				CLANG_ENABLE_OBJC_ARC = YES;
				CLANG_ENABLE_OBJC_WEAK = YES;
				CLANG_WARN_BLOCK_CAPTURE_AUTORELEASING = YES;
				CLANG_WARN_BOOL_CONVERSION = YES;
				CLANG_WARN_COMMA = YES;
				CLANG_WARN_CONSTANT_CONVERSION = YES;
				CLANG_WARN_DEPRECATED_OBJC_IMPLEMENTATIONS = YES;
				CLANG_WARN_DIRECT_OBJC_ISA_USAGE = YES_ERROR;
				CLANG_WARN_DOCUMENTATION_COMMENTS = YES;
				CLANG_WARN_EMPTY_BODY = YES;
				CLANG_WARN_ENUM_CONVERSION = YES;
				CLANG_WARN_INFINITE_RECURSION = YES;
				CLANG_WARN_INT_CONVERSION = YES;
				CLANG_WARN_NON_LITERAL_NULL_CONVERSION = YES;
				CLANG_WARN_OBJC_IMPLICIT_RETAIN_SELF = YES;
				CLANG_WARN_OBJC_LITERAL_CONVERSION = YES;
				CLANG_WARN_OBJC_ROOT_CLASS = YES_ERROR;
				CLANG_WARN_QUOTED_INCLUDE_IN_FRAMEWORK_HEADER = YES;
				CLANG_WARN_RANGE_LOOP_ANALYSIS = YES;
				CLANG_WARN_STRICT_PROTOTYPES = YES;
				CLANG_WARN_SUSPICIOUS_MOVE = YES;
				CLANG_WARN_UNGUARDED_AVAILABILITY = YES_AGGRESSIVE;
				CLANG_WARN_UNREACHABLE_CODE = YES;
				CLANG_WARN__DUPLICATE_METHOD_MATCH = YES;
				COPY_PHASE_STRIP = NO;
				DEBUG_INFORMATION_FORMAT = dwarf;
				ENABLE_STRICT_OBJC_MSGSEND = YES;
				ENABLE_TESTABILITY = YES;
				GCC_C_LANGUAGE_STANDARD = gnu11;
				GCC_DYNAMIC_NO_PIC = NO;
				GCC_NO_COMMON_BLOCKS = YES;
				GCC_OPTIMIZATION_LEVEL = 0;
				GCC_PREPROCESSOR_DEFINITIONS = (
					"DEBUG=1",
					"$(inherited)",
				);
				GCC_WARN_64_TO_32_BIT_CONVERSION = YES;
				GCC_WARN_ABOUT_RETURN_TYPE = YES_ERROR;
				GCC_WARN_UNDECLARED_SELECTOR = YES;
				GCC_WARN_UNINITIALIZED_AUTOS = YES_AGGRESSIVE;
				GCC_WARN_UNUSED_FUNCTION = YES;
				GCC_WARN_UNUSED_VARIABLE = YES;
				IPHONEOS_DEPLOYMENT_TARGET = 14.5;
				MTL_ENABLE_DEBUG_INFO = INCLUDE_SOURCE;
				MTL_FAST_MATH = YES;
				ONLY_ACTIVE_ARCH = YES;
				SDKROOT = iphoneos;
				SWIFT_ACTIVE_COMPILATION_CONDITIONS = DEBUG;
				SWIFT_OPTIMIZATION_LEVEL = "-Onone";
			};
			name = Debug;
		};
		3BA6F2D32747AF95003BFB8A /* Release */ = {
			isa = XCBuildConfiguration;
			buildSettings = {
				ALWAYS_SEARCH_USER_PATHS = NO;
				CLANG_ANALYZER_NONNULL = YES;
				CLANG_ANALYZER_NUMBER_OBJECT_CONVERSION = YES_AGGRESSIVE;
				CLANG_CXX_LANGUAGE_STANDARD = "gnu++14";
				CLANG_CXX_LIBRARY = "libc++";
				CLANG_ENABLE_MODULES = YES;
				CLANG_ENABLE_OBJC_ARC = YES;
				CLANG_ENABLE_OBJC_WEAK = YES;
				CLANG_WARN_BLOCK_CAPTURE_AUTORELEASING = YES;
				CLANG_WARN_BOOL_CONVERSION = YES;
				CLANG_WARN_COMMA = YES;
				CLANG_WARN_CONSTANT_CONVERSION = YES;
				CLANG_WARN_DEPRECATED_OBJC_IMPLEMENTATIONS = YES;
				CLANG_WARN_DIRECT_OBJC_ISA_USAGE = YES_ERROR;
				CLANG_WARN_DOCUMENTATION_COMMENTS = YES;
				CLANG_WARN_EMPTY_BODY = YES;
				CLANG_WARN_ENUM_CONVERSION = YES;
				CLANG_WARN_INFINITE_RECURSION = YES;
				CLANG_WARN_INT_CONVERSION = YES;
				CLANG_WARN_NON_LITERAL_NULL_CONVERSION = YES;
				CLANG_WARN_OBJC_IMPLICIT_RETAIN_SELF = YES;
				CLANG_WARN_OBJC_LITERAL_CONVERSION = YES;
				CLANG_WARN_OBJC_ROOT_CLASS = YES_ERROR;
				CLANG_WARN_QUOTED_INCLUDE_IN_FRAMEWORK_HEADER = YES;
				CLANG_WARN_RANGE_LOOP_ANALYSIS = YES;
				CLANG_WARN_STRICT_PROTOTYPES = YES;
				CLANG_WARN_SUSPICIOUS_MOVE = YES;
				CLANG_WARN_UNGUARDED_AVAILABILITY = YES_AGGRESSIVE;
				CLANG_WARN_UNREACHABLE_CODE = YES;
				CLANG_WARN__DUPLICATE_METHOD_MATCH = YES;
				COPY_PHASE_STRIP = NO;
				DEBUG_INFORMATION_FORMAT = "dwarf-with-dsym";
				ENABLE_NS_ASSERTIONS = NO;
				ENABLE_STRICT_OBJC_MSGSEND = YES;
				GCC_C_LANGUAGE_STANDARD = gnu11;
				GCC_NO_COMMON_BLOCKS = YES;
				GCC_WARN_64_TO_32_BIT_CONVERSION = YES;
				GCC_WARN_ABOUT_RETURN_TYPE = YES_ERROR;
				GCC_WARN_UNDECLARED_SELECTOR = YES;
				GCC_WARN_UNINITIALIZED_AUTOS = YES_AGGRESSIVE;
				GCC_WARN_UNUSED_FUNCTION = YES;
				GCC_WARN_UNUSED_VARIABLE = YES;
				IPHONEOS_DEPLOYMENT_TARGET = 14.5;
				MTL_ENABLE_DEBUG_INFO = NO;
				MTL_FAST_MATH = YES;
				SDKROOT = iphoneos;
				SWIFT_COMPILATION_MODE = wholemodule;
				SWIFT_OPTIMIZATION_LEVEL = "-O";
				VALIDATE_PRODUCT = YES;
			};
			name = Release;
		};
		3BA6F2D52747AF95003BFB8A /* Debug */ = {
			isa = XCBuildConfiguration;
			buildSettings = {
				ASSETCATALOG_COMPILER_APPICON_NAME = AppIcon;
				ASSETCATALOG_COMPILER_GLOBAL_ACCENT_COLOR_NAME = AccentColor;
				CODE_SIGN_STYLE = Automatic;
				DEVELOPMENT_TEAM = D88F888ZA9;
				INFOPLIST_FILE = BanubaMemoryLeakProofProject/Info.plist;
				LD_RUNPATH_SEARCH_PATHS = (
					"$(inherited)",
					"@executable_path/Frameworks",
				);
				PRODUCT_BUNDLE_IDENTIFIER = acc.BanubaMemoryLeakProofProjectcom.esn.chipz;
				PRODUCT_NAME = "$(TARGET_NAME)";
				SWIFT_VERSION = 5.0;
				TARGETED_DEVICE_FAMILY = "1,2";
			};
			name = Debug;
		};
		3BA6F2D62747AF95003BFB8A /* Release */ = {
			isa = XCBuildConfiguration;
			buildSettings = {
				ASSETCATALOG_COMPILER_APPICON_NAME = AppIcon;
				ASSETCATALOG_COMPILER_GLOBAL_ACCENT_COLOR_NAME = AccentColor;
				CODE_SIGN_STYLE = Automatic;
				DEVELOPMENT_TEAM = D88F888ZA9;
				INFOPLIST_FILE = BanubaMemoryLeakProofProject/Info.plist;
				LD_RUNPATH_SEARCH_PATHS = (
					"$(inherited)",
					"@executable_path/Frameworks",
				);
				PRODUCT_BUNDLE_IDENTIFIER = acc.BanubaMemoryLeakProofProjectcom.esn.chipz;
				PRODUCT_NAME = "$(TARGET_NAME)";
				SWIFT_VERSION = 5.0;
				TARGETED_DEVICE_FAMILY = "1,2";
			};
			name = Release;
		};
/* End XCBuildConfiguration section */

/* Begin XCConfigurationList section */
		3BA6F2BB2747AF93003BFB8A /* Build configuration list for PBXProject "BanubaMemoryLeakProofProject" */ = {
			isa = XCConfigurationList;
			buildConfigurations = (
				3BA6F2D22747AF95003BFB8A /* Debug */,
				3BA6F2D32747AF95003BFB8A /* Release */,
			);
			defaultConfigurationIsVisible = 0;
			defaultConfigurationName = Release;
		};
		3BA6F2D42747AF95003BFB8A /* Build configuration list for PBXNativeTarget "BanubaMemoryLeakProofProject" */ = {
			isa = XCConfigurationList;
			buildConfigurations = (
				3BA6F2D52747AF95003BFB8A /* Debug */,
				3BA6F2D62747AF95003BFB8A /* Release */,
			);
			defaultConfigurationIsVisible = 0;
			defaultConfigurationName = Release;
		};
/* End XCConfigurationList section */
	};
	rootObject = 3BA6F2B82747AF93003BFB8A /* Project object */;
}
